
Microsoft Visual Studio Solution File, Format Version 12.00
# Visual Studio Version 17
VisualStudioVersion = 17.0.32112.339
MinimumVisualStudioVersion = 10.0.40219.1
Project("{2150E333-8FDC-42A3-9474-1A3956D46DE8}") = "App", "App", "{8B1E7F52-729C-4738-B2B6-2B7FCF9A0BC4}"
EndProject
Project("{9A19103F-16F7-4668-BE54-9A1E7A4F7556}") = "Mayhem.Item.Consumer.App", "Mayhem.Item.Consumer.App\Mayhem.Item.Consumer.App.csproj", "{9399DE69-D5F7-4B08-A564-323166E50BA1}"
EndProject
Project("{9A19103F-16F7-4668-BE54-9A1E7A4F7556}") = "Mayhem.Land.Consumer.App", "Mayhem.Land.Consumer.App\Mayhem.Land.Consumer.App.csproj", "{21B43A7F-C560-4071-BCC7-1C1C9A7C169B}"
EndProject
Project("{9A19103F-16F7-4668-BE54-9A1E7A4F7556}") = "Mayhem.Npc.Consumer.App", "Mayhem.Npc.Consumer.App\Mayhem.Npc.Consumer.App.csproj", "{A274F4BD-92BF-4230-A5B3-4D2CA67CD689}"
EndProject
Project("{2150E333-8FDC-42A3-9474-1A3956D46DE8}") = "Queue", "Queue", "{FFE77EA3-610F-4355-AA0D-F5BA82574593}"
EndProject
Project("{2150E333-8FDC-42A3-9474-1A3956D46DE8}") = "Consumer", "Consumer", "{B0150B18-22DD-4A04-9D44-7866005312CD}"
EndProject
Project("{9A19103F-16F7-4668-BE54-9A1E7A4F7556}") = "Mayhem.Item.QueueConsumer", "Mayhem.Item.QueueConsumer\Mayhem.Item.QueueConsumer.csproj", "{3ED67CF3-6BD3-482A-9AAD-777A3C65E68F}"
EndProject
Project("{9A19103F-16F7-4668-BE54-9A1E7A4F7556}") = "Mayhem.Land.QueueConsumer", "Mayhem.Land.QueueConsumer\Mayhem.Land.QueueConsumer.csproj", "{4E2EF33E-3A6F-4C84-BFFC-7AB87DF7B0B9}"
EndProject
Project("{9A19103F-16F7-4668-BE54-9A1E7A4F7556}") = "Mayhem.Npc.QueueConsumer", "Mayhem.Npc.QueueConsumer\Mayhem.Npc.QueueConsumer.csproj", "{D8A1876F-96BD-44E3-B5FB-2839DF0C5252}"
EndProject
Project("{2150E333-8FDC-42A3-9474-1A3956D46DE8}") = "Dal", "Dal", "{C369E096-4725-4509-926D-F3E37AEEB458}"
EndProject
Project("{9A19103F-16F7-4668-BE54-9A1E7A4F7556}") = "Mayhem.Consumer.Dal", "Mayhem.Consumer.Dal\Mayhem.Consumer.Dal.csproj", "{D50A0B62-2851-401E-B371-8FE2D3EC1E52}"
EndProject
Project("{9A19103F-16F7-4668-BE54-9A1E7A4F7556}") = "Mayhem.Consumer.Dal.Dto", "Mayhem.Consumer.Dal.Dto\Mayhem.Consumer.Dal.Dto.csproj", "{A48A3547-3252-44E7-83DD-6F8E1D6095E6}"
EndProject
Project("{9A19103F-16F7-4668-BE54-9A1E7A4F7556}") = "Mayhem.Notification.Consumer.App", "Mayhem.Notification.Consumer.App\Mayhem.Notification.Consumer.App.csproj", "{619D8841-22B6-4618-88E7-D1194746D9D5}"
EndProject
Project("{9A19103F-16F7-4668-BE54-9A1E7A4F7556}") = "Mayhem.Notification.QueueConsumer", "Mayhem.Notification.QueueConsumer\Mayhem.Notification.QueueConsumer.csproj", "{9B6291F7-9825-4938-8D38-FB151D00EC6D}"
EndProject
Project("{2150E333-8FDC-42A3-9474-1A3956D46DE8}") = "Tests", "Tests", "{8C17F9FB-E548-4B4D-A49C-A3DCF5958C5F}"
EndProject
Project("{2150E333-8FDC-42A3-9474-1A3956D46DE8}") = "Units", "Units", "{333E6221-CC0A-4A05-BAD8-ACA51B9DEE1A}"
EndProject
Project("{9A19103F-16F7-4668-BE54-9A1E7A4F7556}") = "Mayhem.Consumer.UnitTest", "Mayhem.Consumer.UnitTest\Mayhem.Consumer.UnitTest.csproj", "{F4C2C625-54FD-4C6A-9F65-6951DCA1FC58}"
EndProject
Project("{9A19103F-16F7-4668-BE54-9A1E7A4F7556}") = "Mayhem.Queue.Consumer.Base", "Mayhem.Queue.Consumer.Base\Mayhem.Queue.Consumer.Base.csproj", "{222731F7-3AD6-442F-BAB0-1CBA0728E63D}"
EndProject
Project("{2150E333-8FDC-42A3-9474-1A3956D46DE8}") = "Integrations", "Integrations", "{79B4FA61-831F-42AB-80C8-A8DC047AEF35}"
EndProject
Project("{2150E333-8FDC-42A3-9474-1A3956D46DE8}") = "Common", "Common", "{BC37AA74-190F-46E4-85D4-0ADC50E0BE47}"
EndProject
Project("{9A19103F-16F7-4668-BE54-9A1E7A4F7556}") = "Mayhem.Consumer.Test.Common", "Mayhem.Consumer.Test.Common\Mayhem.Consumer.Test.Common.csproj", "{AA404F97-4C49-4974-B281-0D4402D91CF3}"
EndProject
Project("{9A19103F-16F7-4668-BE54-9A1E7A4F7556}") = "Mayhem.Consumer.Queue.IntegrationTest", "Mayhem.Consumer.Queue.IntegrationTest\Mayhem.Consumer.Queue.IntegrationTest.csproj", "{FFA14046-A30E-4C17-AC9F-B34F6B4F1B01}"
EndProject
Project("{9A19103F-16F7-4668-BE54-9A1E7A4F7556}") = "Mayhem.Consumer.Repository.IntegrationTest", "Mayhem.Consumer.Repository.IntegrationTest\Mayhem.Consumer.Repository.IntegrationTest.csproj", "{C67EF4F5-D228-4320-AE32-C390AAE97149}"
EndProject
Project("{2150E333-8FDC-42A3-9474-1A3956D46DE8}") = "Tech", "Tech", "{8BD52968-800F-4274-8D5F-030E14FDD421}"
EndProject
Project("{9A19103F-16F7-4668-BE54-9A1E7A4F7556}") = "Mayhem.SmtpServices", "Mayhem.SmtpServices\Mayhem.SmtpServices.csproj", "{B81D9EE4-4351-4C5B-BA0C-8B2DB3CDECDA}"
EndProject
Project("{9A19103F-16F7-4668-BE54-9A1E7A4F7556}") = "Mayhem.SmtpBase", "Mayhem.SmtpBase\Mayhem.SmtpBase.csproj", "{573F91E4-F8D0-4EA5-8B19-68CC4092C33F}"
EndProject
Project("{2150E333-8FDC-42A3-9474-1A3956D46DE8}") = "Solution Items", "Solution Items", "{F2B2590A-C89B-40CC-BAA0-867E3C5F5FA3}"
	ProjectSection(SolutionItems) = preProject
		MayhemConsumerDescription.md = MayhemConsumerDescription.md
	EndProjectSection
EndProject
Global
	GlobalSection(SolutionConfigurationPlatforms) = preSolution
		Debug|Any CPU = Debug|Any CPU
		Release|Any CPU = Release|Any CPU
	EndGlobalSection
	GlobalSection(ProjectConfigurationPlatforms) = postSolution
		{9399DE69-D5F7-4B08-A564-323166E50BA1}.Debug|Any CPU.ActiveCfg = Debug|Any CPU
		{9399DE69-D5F7-4B08-A564-323166E50BA1}.Debug|Any CPU.Build.0 = Debug|Any CPU
		{9399DE69-D5F7-4B08-A564-323166E50BA1}.Release|Any CPU.ActiveCfg = Release|Any CPU
		{9399DE69-D5F7-4B08-A564-323166E50BA1}.Release|Any CPU.Build.0 = Release|Any CPU
		{21B43A7F-C560-4071-BCC7-1C1C9A7C169B}.Debug|Any CPU.ActiveCfg = Debug|Any CPU
		{21B43A7F-C560-4071-BCC7-1C1C9A7C169B}.Debug|Any CPU.Build.0 = Debug|Any CPU
		{21B43A7F-C560-4071-BCC7-1C1C9A7C169B}.Release|Any CPU.ActiveCfg = Release|Any CPU
		{21B43A7F-C560-4071-BCC7-1C1C9A7C169B}.Release|Any CPU.Build.0 = Release|Any CPU
		{A274F4BD-92BF-4230-A5B3-4D2CA67CD689}.Debug|Any CPU.ActiveCfg = Debug|Any CPU
		{A274F4BD-92BF-4230-A5B3-4D2CA67CD689}.Debug|Any CPU.Build.0 = Debug|Any CPU
		{A274F4BD-92BF-4230-A5B3-4D2CA67CD689}.Release|Any CPU.ActiveCfg = Release|Any CPU
		{A274F4BD-92BF-4230-A5B3-4D2CA67CD689}.Release|Any CPU.Build.0 = Release|Any CPU
		{3ED67CF3-6BD3-482A-9AAD-777A3C65E68F}.Debug|Any CPU.ActiveCfg = Debug|Any CPU
		{3ED67CF3-6BD3-482A-9AAD-777A3C65E68F}.Debug|Any CPU.Build.0 = Debug|Any CPU
		{3ED67CF3-6BD3-482A-9AAD-777A3C65E68F}.Release|Any CPU.ActiveCfg = Release|Any CPU
		{3ED67CF3-6BD3-482A-9AAD-777A3C65E68F}.Release|Any CPU.Build.0 = Release|Any CPU
		{4E2EF33E-3A6F-4C84-BFFC-7AB87DF7B0B9}.Debug|Any CPU.ActiveCfg = Debug|Any CPU
		{4E2EF33E-3A6F-4C84-BFFC-7AB87DF7B0B9}.Debug|Any CPU.Build.0 = Debug|Any CPU
		{4E2EF33E-3A6F-4C84-BFFC-7AB87DF7B0B9}.Release|Any CPU.ActiveCfg = Release|Any CPU
		{4E2EF33E-3A6F-4C84-BFFC-7AB87DF7B0B9}.Release|Any CPU.Build.0 = Release|Any CPU
		{D8A1876F-96BD-44E3-B5FB-2839DF0C5252}.Debug|Any CPU.ActiveCfg = Debug|Any CPU
		{D8A1876F-96BD-44E3-B5FB-2839DF0C5252}.Debug|Any CPU.Build.0 = Debug|Any CPU
		{D8A1876F-96BD-44E3-B5FB-2839DF0C5252}.Release|Any CPU.ActiveCfg = Release|Any CPU
		{D8A1876F-96BD-44E3-B5FB-2839DF0C5252}.Release|Any CPU.Build.0 = Release|Any CPU
		{D50A0B62-2851-401E-B371-8FE2D3EC1E52}.Debug|Any CPU.ActiveCfg = Debug|Any CPU
		{D50A0B62-2851-401E-B371-8FE2D3EC1E52}.Debug|Any CPU.Build.0 = Debug|Any CPU
		{D50A0B62-2851-401E-B371-8FE2D3EC1E52}.Release|Any CPU.ActiveCfg = Release|Any CPU
		{D50A0B62-2851-401E-B371-8FE2D3EC1E52}.Release|Any CPU.Build.0 = Release|Any CPU
		{A48A3547-3252-44E7-83DD-6F8E1D6095E6}.Debug|Any CPU.ActiveCfg = Debug|Any CPU
		{A48A3547-3252-44E7-83DD-6F8E1D6095E6}.Debug|Any CPU.Build.0 = Debug|Any CPU
		{A48A3547-3252-44E7-83DD-6F8E1D6095E6}.Release|Any CPU.ActiveCfg = Release|Any CPU
		{A48A3547-3252-44E7-83DD-6F8E1D6095E6}.Release|Any CPU.Build.0 = Release|Any CPU
		{619D8841-22B6-4618-88E7-D1194746D9D5}.Debug|Any CPU.ActiveCfg = Debug|Any CPU
		{619D8841-22B6-4618-88E7-D1194746D9D5}.Debug|Any CPU.Build.0 = Debug|Any CPU
		{619D8841-22B6-4618-88E7-D1194746D9D5}.Release|Any CPU.ActiveCfg = Release|Any CPU
		{619D8841-22B6-4618-88E7-D1194746D9D5}.Release|Any CPU.Build.0 = Release|Any CPU
		{9B6291F7-9825-4938-8D38-FB151D00EC6D}.Debug|Any CPU.ActiveCfg = Debug|Any CPU
		{9B6291F7-9825-4938-8D38-FB151D00EC6D}.Debug|Any CPU.Build.0 = Debug|Any CPU
		{9B6291F7-9825-4938-8D38-FB151D00EC6D}.Release|Any CPU.ActiveCfg = Release|Any CPU
		{9B6291F7-9825-4938-8D38-FB151D00EC6D}.Release|Any CPU.Build.0 = Release|Any CPU
		{F4C2C625-54FD-4C6A-9F65-6951DCA1FC58}.Debug|Any CPU.ActiveCfg = Debug|Any CPU
		{F4C2C625-54FD-4C6A-9F65-6951DCA1FC58}.Debug|Any CPU.Build.0 = Debug|Any CPU
		{F4C2C625-54FD-4C6A-9F65-6951DCA1FC58}.Release|Any CPU.ActiveCfg = Release|Any CPU
		{F4C2C625-54FD-4C6A-9F65-6951DCA1FC58}.Release|Any CPU.Build.0 = Release|Any CPU
		{222731F7-3AD6-442F-BAB0-1CBA0728E63D}.Debug|Any CPU.ActiveCfg = Debug|Any CPU
		{222731F7-3AD6-442F-BAB0-1CBA0728E63D}.Debug|Any CPU.Build.0 = Debug|Any CPU
		{222731F7-3AD6-442F-BAB0-1CBA0728E63D}.Release|Any CPU.ActiveCfg = Release|Any CPU
		{222731F7-3AD6-442F-BAB0-1CBA0728E63D}.Release|Any CPU.Build.0 = Release|Any CPU
		{AA404F97-4C49-4974-B281-0D4402D91CF3}.Debug|Any CPU.ActiveCfg = Debug|Any CPU
		{AA404F97-4C49-4974-B281-0D4402D91CF3}.Debug|Any CPU.Build.0 = Debug|Any CPU
		{AA404F97-4C49-4974-B281-0D4402D91CF3}.Release|Any CPU.ActiveCfg = Release|Any CPU
		{AA404F97-4C49-4974-B281-0D4402D91CF3}.Release|Any CPU.Build.0 = Release|Any CPU
		{FFA14046-A30E-4C17-AC9F-B34F6B4F1B01}.Debug|Any CPU.ActiveCfg = Debug|Any CPU
		{FFA14046-A30E-4C17-AC9F-B34F6B4F1B01}.Debug|Any CPU.Build.0 = Debug|Any CPU
		{FFA14046-A30E-4C17-AC9F-B34F6B4F1B01}.Release|Any CPU.ActiveCfg = Release|Any CPU
		{FFA14046-A30E-4C17-AC9F-B34F6B4F1B01}.Release|Any CPU.Build.0 = Release|Any CPU
		{C67EF4F5-D228-4320-AE32-C390AAE97149}.Debug|Any CPU.ActiveCfg = Debug|Any CPU
		{C67EF4F5-D228-4320-AE32-C390AAE97149}.Debug|Any CPU.Build.0 = Debug|Any CPU
		{C67EF4F5-D228-4320-AE32-C390AAE97149}.Release|Any CPU.ActiveCfg = Release|Any CPU
		{C67EF4F5-D228-4320-AE32-C390AAE97149}.Release|Any CPU.Build.0 = Release|Any CPU
		{B81D9EE4-4351-4C5B-BA0C-8B2DB3CDECDA}.Debug|Any CPU.ActiveCfg = Debug|Any CPU
		{B81D9EE4-4351-4C5B-BA0C-8B2DB3CDECDA}.Debug|Any CPU.Build.0 = Debug|Any CPU
		{B81D9EE4-4351-4C5B-BA0C-8B2DB3CDECDA}.Release|Any CPU.ActiveCfg = Release|Any CPU
		{B81D9EE4-4351-4C5B-BA0C-8B2DB3CDECDA}.Release|Any CPU.Build.0 = Release|Any CPU
		{573F91E4-F8D0-4EA5-8B19-68CC4092C33F}.Debug|Any CPU.ActiveCfg = Debug|Any CPU
		{573F91E4-F8D0-4EA5-8B19-68CC4092C33F}.Debug|Any CPU.Build.0 = Debug|Any CPU
		{573F91E4-F8D0-4EA5-8B19-68CC4092C33F}.Release|Any CPU.ActiveCfg = Release|Any CPU
		{573F91E4-F8D0-4EA5-8B19-68CC4092C33F}.Release|Any CPU.Build.0 = Release|Any CPU
	EndGlobalSection
	GlobalSection(SolutionProperties) = preSolution
		HideSolutionNode = FALSE
	EndGlobalSection
	GlobalSection(NestedProjects) = preSolution
		{9399DE69-D5F7-4B08-A564-323166E50BA1} = {8B1E7F52-729C-4738-B2B6-2B7FCF9A0BC4}
		{21B43A7F-C560-4071-BCC7-1C1C9A7C169B} = {8B1E7F52-729C-4738-B2B6-2B7FCF9A0BC4}
		{A274F4BD-92BF-4230-A5B3-4D2CA67CD689} = {8B1E7F52-729C-4738-B2B6-2B7FCF9A0BC4}
		{B0150B18-22DD-4A04-9D44-7866005312CD} = {FFE77EA3-610F-4355-AA0D-F5BA82574593}
		{3ED67CF3-6BD3-482A-9AAD-777A3C65E68F} = {B0150B18-22DD-4A04-9D44-7866005312CD}
		{4E2EF33E-3A6F-4C84-BFFC-7AB87DF7B0B9} = {B0150B18-22DD-4A04-9D44-7866005312CD}
		{D8A1876F-96BD-44E3-B5FB-2839DF0C5252} = {B0150B18-22DD-4A04-9D44-7866005312CD}
		{D50A0B62-2851-401E-B371-8FE2D3EC1E52} = {C369E096-4725-4509-926D-F3E37AEEB458}
		{A48A3547-3252-44E7-83DD-6F8E1D6095E6} = {C369E096-4725-4509-926D-F3E37AEEB458}
		{619D8841-22B6-4618-88E7-D1194746D9D5} = {8B1E7F52-729C-4738-B2B6-2B7FCF9A0BC4}
		{9B6291F7-9825-4938-8D38-FB151D00EC6D} = {B0150B18-22DD-4A04-9D44-7866005312CD}
		{333E6221-CC0A-4A05-BAD8-ACA51B9DEE1A} = {8C17F9FB-E548-4B4D-A49C-A3DCF5958C5F}
		{F4C2C625-54FD-4C6A-9F65-6951DCA1FC58} = {333E6221-CC0A-4A05-BAD8-ACA51B9DEE1A}
		{222731F7-3AD6-442F-BAB0-1CBA0728E63D} = {FFE77EA3-610F-4355-AA0D-F5BA82574593}
		{79B4FA61-831F-42AB-80C8-A8DC047AEF35} = {8C17F9FB-E548-4B4D-A49C-A3DCF5958C5F}
		{BC37AA74-190F-46E4-85D4-0ADC50E0BE47} = {8C17F9FB-E548-4B4D-A49C-A3DCF5958C5F}
		{AA404F97-4C49-4974-B281-0D4402D91CF3} = {BC37AA74-190F-46E4-85D4-0ADC50E0BE47}
		{FFA14046-A30E-4C17-AC9F-B34F6B4F1B01} = {79B4FA61-831F-42AB-80C8-A8DC047AEF35}
		{C67EF4F5-D228-4320-AE32-C390AAE97149} = {79B4FA61-831F-42AB-80C8-A8DC047AEF35}
		{B81D9EE4-4351-4C5B-BA0C-8B2DB3CDECDA} = {8BD52968-800F-4274-8D5F-030E14FDD421}
		{573F91E4-F8D0-4EA5-8B19-68CC4092C33F} = {8BD52968-800F-4274-8D5F-030E14FDD421}
	EndGlobalSection
	GlobalSection(ExtensibilityGlobals) = postSolution
		SolutionGuid = {7F3BA156-7FEC-45B4-B3F6-928645897590}
	EndGlobalSection
EndGlobal
