
Microsoft Visual Studio Solution File, Format Version 12.00
# Visual Studio Version 17
VisualStudioVersion = 17.0.32112.339
MinimumVisualStudioVersion = 10.0.40219.1
Project("{2150E333-8FDC-42A3-9474-1A3956D46DE8}") = "BusinessLogic", "BusinessLogic", "{BB1ED3E2-E4FD-4E34-9CB3-7E034FFBB9DE}"
EndProject
Project("{2150E333-8FDC-42A3-9474-1A3956D46DE8}") = "DataLayer", "DataLayer", "{7A6F3ABE-6A7E-457B-9DC5-E7C0BB292280}"
EndProject
Project("{2150E333-8FDC-42A3-9474-1A3956D46DE8}") = "Tests", "Tests", "{C87FF6B1-2EAD-4654-AE1D-3982392EEF60}"
EndProject
Project("{2150E333-8FDC-42A3-9474-1A3956D46DE8}") = "Tech", "Tech", "{2EC6261E-2C2E-42AB-8A1F-7CF7513E180A}"
EndProject
Project("{2150E333-8FDC-42A3-9474-1A3956D46DE8}") = "Api", "Api", "{616B4361-387E-4E10-8398-D7B81BA477E0}"
EndProject
Project("{9A19103F-16F7-4668-BE54-9A1E7A4F7556}") = "Mayhem.WebApi", "Mayhem.WebApi\Mayhem.WebApi.csproj", "{2567E8D4-E0AC-495D-9273-C5330DE64172}"
EndProject
Project("{2150E333-8FDC-42A3-9474-1A3956D46DE8}") = "ApplicationSetups", "ApplicationSetups", "{58100EBE-9C09-4AB2-8C60-E6EE46D64B45}"
EndProject
Project("{9A19103F-16F7-4668-BE54-9A1E7A4F7556}") = "Mayhem.WebApi.Dto", "Mayhem.WebApi.Dto\Mayhem.WebApi.Dto.csproj", "{99CA6EA6-5C15-4DAE-832C-B9BE54D6E86D}"
EndProject
Project("{9A19103F-16F7-4668-BE54-9A1E7A4F7556}") = "Mayhem.ApplicationSetup", "Mayhem.ApplicationSetup\Mayhem.ApplicationSetup.csproj", "{FE72DD3E-808B-4C0E-B2DF-A353CC8FE913}"
EndProject
Project("{9A19103F-16F7-4668-BE54-9A1E7A4F7556}") = "Mayhem.Dal", "Mayhem.Dal\Mayhem.Dal.csproj", "{7D17C253-2278-40FC-A5AE-9829B2126A03}"
EndProject
Project("{9A19103F-16F7-4668-BE54-9A1E7A4F7556}") = "Mayhem.Dal.Dto", "Mayhem.Dal.Dto\Mayhem.Dal.Dto.csproj", "{A7578F5C-1B84-4C90-A0A1-4E6B7CC2C3FB}"
EndProject
Project("{9A19103F-16F7-4668-BE54-9A1E7A4F7556}") = "Mayhem.WebApi.ActionNames", "Mayhem.WebApi.ActionNames\Mayhem.WebApi.ActionNames.csproj", "{3AD8B242-F596-4A4E-B334-49E68104E7A4}"
EndProject
Project("{9A19103F-16F7-4668-BE54-9A1E7A4F7556}") = "Mayhen.Bl", "Mayhen.Bl\Mayhen.Bl.csproj", "{4CB06A79-95BB-47F7-A3AB-E3542AE68B00}"
EndProject
Project("{2150E333-8FDC-42A3-9474-1A3956D46DE8}") = "Integration", "Integration", "{06D0BCB2-B69B-46DF-B379-3778EFBE1378}"
EndProject
Project("{2150E333-8FDC-42A3-9474-1A3956D46DE8}") = "Common", "Common", "{CDAEAE73-73F3-4A61-A8AB-783982BA7EDA}"
EndProject
Project("{2150E333-8FDC-42A3-9474-1A3956D46DE8}") = "Units", "Units", "{A4310879-4A88-40A5-B932-2A92AC9391CB}"
EndProject
Project("{9A19103F-16F7-4668-BE54-9A1E7A4F7556}") = "Mayhem.Test.Common", "Mayhem.Test.Common\Mayhem.Test.Common.csproj", "{ACA1DF73-39F7-4B9A-8EFA-7B1A0DDB5CE7}"
EndProject
Project("{9A19103F-16F7-4668-BE54-9A1E7A4F7556}") = "Mayhem.Dal.Mock", "Mayhem.Dal.Mock\Mayhem.Dal.Mock.csproj", "{B3409D83-9838-4CBF-9877-031C660908BF}"
EndProject
Project("{9A19103F-16F7-4668-BE54-9A1E7A4F7556}") = "Mayhem.UnitTest.Base", "Mayhem.UnitTest.Base\Mayhem.UnitTest.Base.csproj", "{E3DFF2A8-9C9E-4024-BFA9-D85D8F97BABF}"
EndProject
Project("{9A19103F-16F7-4668-BE54-9A1E7A4F7556}") = "Mayhem.IntegrationTest.Base", "Mayhem.IntegrationTest.Base\Mayhem.IntegrationTest.Base.csproj", "{519B6C09-0A81-45DF-B02C-E8C9A890B2E0}"
EndProject
Project("{9A19103F-16F7-4668-BE54-9A1E7A4F7556}") = "Mayhem.UnitTest.Repositories", "Mayhem.UnitTest.Repositories\Mayhem.UnitTest.Repositories.csproj", "{5BB0D5E5-76F3-47D0-AD5E-AEE6BDED0685}"
EndProject
Project("{9A19103F-16F7-4668-BE54-9A1E7A4F7556}") = "Mayhem.IntegrationTest.Controllers", "Mayhem.IntegrationTest.Controllers\Mayhem.IntegrationTest.Controllers.csproj", "{354DC376-E7C3-496E-BDF2-2CF5C3E9D359}"
EndProject
Project("{9A19103F-16F7-4668-BE54-9A1E7A4F7556}") = "Mayhem.UnitTest.Services", "Mayhem.UnitTest.Services\Mayhem.UnitTest.Services.csproj", "{B21C9244-2534-418C-9C95-38382CC29A8F}"
EndProject
Project("{9A19103F-16F7-4668-BE54-9A1E7A4F7556}") = "Mayhem.UnitTes.Mapper", "Mayhem.UnitTes.Mapper\Mayhem.UnitTes.Mapper.csproj", "{F575F41B-99B0-474F-918F-C11852CEF8CE}"
EndProject
Project("{9A19103F-16F7-4668-BE54-9A1E7A4F7556}") = "Mayhem.UnitTest.Validators", "Mayhem.UnitTest.Validators\Mayhem.UnitTest.Validators.csproj", "{02D739BF-785A-448C-9C31-8F2EE033747A}"
EndProject
Project("{2150E333-8FDC-42A3-9474-1A3956D46DE8}") = "Solution Items", "Solution Items", "{72AA30B8-866B-4979-9ACB-28802DC4736F}"
	ProjectSection(SolutionItems) = preProject
		.editorconfig = .editorconfig
		RestApiDescription.md = RestApiDescription.md
	EndProjectSection
EndProject
Project("{9A19103F-16F7-4668-BE54-9A1E7A4F7556}") = "Mayhem.IntegrationTest.Services", "Mayhem.IntegrationTest.Services\Mayhem.IntegrationTest.Services.csproj", "{C8EA7A3B-90DD-47B6-909F-F67FE596B7D2}"
EndProject
Global
	GlobalSection(SolutionConfigurationPlatforms) = preSolution
		Debug|Any CPU = Debug|Any CPU
		Release|Any CPU = Release|Any CPU
	EndGlobalSection
	GlobalSection(ProjectConfigurationPlatforms) = postSolution
		{2567E8D4-E0AC-495D-9273-C5330DE64172}.Debug|Any CPU.ActiveCfg = Debug|Any CPU
		{2567E8D4-E0AC-495D-9273-C5330DE64172}.Debug|Any CPU.Build.0 = Debug|Any CPU
		{2567E8D4-E0AC-495D-9273-C5330DE64172}.Release|Any CPU.ActiveCfg = Release|Any CPU
		{2567E8D4-E0AC-495D-9273-C5330DE64172}.Release|Any CPU.Build.0 = Release|Any CPU
		{99CA6EA6-5C15-4DAE-832C-B9BE54D6E86D}.Debug|Any CPU.ActiveCfg = Debug|Any CPU
		{99CA6EA6-5C15-4DAE-832C-B9BE54D6E86D}.Debug|Any CPU.Build.0 = Debug|Any CPU
		{99CA6EA6-5C15-4DAE-832C-B9BE54D6E86D}.Release|Any CPU.ActiveCfg = Release|Any CPU
		{99CA6EA6-5C15-4DAE-832C-B9BE54D6E86D}.Release|Any CPU.Build.0 = Release|Any CPU
		{FE72DD3E-808B-4C0E-B2DF-A353CC8FE913}.Debug|Any CPU.ActiveCfg = Debug|Any CPU
		{FE72DD3E-808B-4C0E-B2DF-A353CC8FE913}.Debug|Any CPU.Build.0 = Debug|Any CPU
		{FE72DD3E-808B-4C0E-B2DF-A353CC8FE913}.Release|Any CPU.ActiveCfg = Release|Any CPU
		{FE72DD3E-808B-4C0E-B2DF-A353CC8FE913}.Release|Any CPU.Build.0 = Release|Any CPU
		{7D17C253-2278-40FC-A5AE-9829B2126A03}.Debug|Any CPU.ActiveCfg = Debug|Any CPU
		{7D17C253-2278-40FC-A5AE-9829B2126A03}.Debug|Any CPU.Build.0 = Debug|Any CPU
		{7D17C253-2278-40FC-A5AE-9829B2126A03}.Release|Any CPU.ActiveCfg = Release|Any CPU
		{7D17C253-2278-40FC-A5AE-9829B2126A03}.Release|Any CPU.Build.0 = Release|Any CPU
		{A7578F5C-1B84-4C90-A0A1-4E6B7CC2C3FB}.Debug|Any CPU.ActiveCfg = Debug|Any CPU
		{A7578F5C-1B84-4C90-A0A1-4E6B7CC2C3FB}.Debug|Any CPU.Build.0 = Debug|Any CPU
		{A7578F5C-1B84-4C90-A0A1-4E6B7CC2C3FB}.Release|Any CPU.ActiveCfg = Release|Any CPU
		{A7578F5C-1B84-4C90-A0A1-4E6B7CC2C3FB}.Release|Any CPU.Build.0 = Release|Any CPU
		{3AD8B242-F596-4A4E-B334-49E68104E7A4}.Debug|Any CPU.ActiveCfg = Debug|Any CPU
		{3AD8B242-F596-4A4E-B334-49E68104E7A4}.Debug|Any CPU.Build.0 = Debug|Any CPU
		{3AD8B242-F596-4A4E-B334-49E68104E7A4}.Release|Any CPU.ActiveCfg = Release|Any CPU
		{3AD8B242-F596-4A4E-B334-49E68104E7A4}.Release|Any CPU.Build.0 = Release|Any CPU
		{4CB06A79-95BB-47F7-A3AB-E3542AE68B00}.Debug|Any CPU.ActiveCfg = Debug|Any CPU
		{4CB06A79-95BB-47F7-A3AB-E3542AE68B00}.Debug|Any CPU.Build.0 = Debug|Any CPU
		{4CB06A79-95BB-47F7-A3AB-E3542AE68B00}.Release|Any CPU.ActiveCfg = Release|Any CPU
		{4CB06A79-95BB-47F7-A3AB-E3542AE68B00}.Release|Any CPU.Build.0 = Release|Any CPU
		{ACA1DF73-39F7-4B9A-8EFA-7B1A0DDB5CE7}.Debug|Any CPU.ActiveCfg = Debug|Any CPU
		{ACA1DF73-39F7-4B9A-8EFA-7B1A0DDB5CE7}.Debug|Any CPU.Build.0 = Debug|Any CPU
		{ACA1DF73-39F7-4B9A-8EFA-7B1A0DDB5CE7}.Release|Any CPU.ActiveCfg = Release|Any CPU
		{ACA1DF73-39F7-4B9A-8EFA-7B1A0DDB5CE7}.Release|Any CPU.Build.0 = Release|Any CPU
		{B3409D83-9838-4CBF-9877-031C660908BF}.Debug|Any CPU.ActiveCfg = Debug|Any CPU
		{B3409D83-9838-4CBF-9877-031C660908BF}.Debug|Any CPU.Build.0 = Debug|Any CPU
		{B3409D83-9838-4CBF-9877-031C660908BF}.Release|Any CPU.ActiveCfg = Release|Any CPU
		{B3409D83-9838-4CBF-9877-031C660908BF}.Release|Any CPU.Build.0 = Release|Any CPU
		{E3DFF2A8-9C9E-4024-BFA9-D85D8F97BABF}.Debug|Any CPU.ActiveCfg = Debug|Any CPU
		{E3DFF2A8-9C9E-4024-BFA9-D85D8F97BABF}.Debug|Any CPU.Build.0 = Debug|Any CPU
		{E3DFF2A8-9C9E-4024-BFA9-D85D8F97BABF}.Release|Any CPU.ActiveCfg = Release|Any CPU
		{E3DFF2A8-9C9E-4024-BFA9-D85D8F97BABF}.Release|Any CPU.Build.0 = Release|Any CPU
		{519B6C09-0A81-45DF-B02C-E8C9A890B2E0}.Debug|Any CPU.ActiveCfg = Debug|Any CPU
		{519B6C09-0A81-45DF-B02C-E8C9A890B2E0}.Debug|Any CPU.Build.0 = Debug|Any CPU
		{519B6C09-0A81-45DF-B02C-E8C9A890B2E0}.Release|Any CPU.ActiveCfg = Release|Any CPU
		{519B6C09-0A81-45DF-B02C-E8C9A890B2E0}.Release|Any CPU.Build.0 = Release|Any CPU
		{5BB0D5E5-76F3-47D0-AD5E-AEE6BDED0685}.Debug|Any CPU.ActiveCfg = Debug|Any CPU
		{5BB0D5E5-76F3-47D0-AD5E-AEE6BDED0685}.Debug|Any CPU.Build.0 = Debug|Any CPU
		{5BB0D5E5-76F3-47D0-AD5E-AEE6BDED0685}.Release|Any CPU.ActiveCfg = Release|Any CPU
		{5BB0D5E5-76F3-47D0-AD5E-AEE6BDED0685}.Release|Any CPU.Build.0 = Release|Any CPU
		{354DC376-E7C3-496E-BDF2-2CF5C3E9D359}.Debug|Any CPU.ActiveCfg = Debug|Any CPU
		{354DC376-E7C3-496E-BDF2-2CF5C3E9D359}.Debug|Any CPU.Build.0 = Debug|Any CPU
		{354DC376-E7C3-496E-BDF2-2CF5C3E9D359}.Release|Any CPU.ActiveCfg = Release|Any CPU
		{354DC376-E7C3-496E-BDF2-2CF5C3E9D359}.Release|Any CPU.Build.0 = Release|Any CPU
		{B21C9244-2534-418C-9C95-38382CC29A8F}.Debug|Any CPU.ActiveCfg = Debug|Any CPU
		{B21C9244-2534-418C-9C95-38382CC29A8F}.Debug|Any CPU.Build.0 = Debug|Any CPU
		{B21C9244-2534-418C-9C95-38382CC29A8F}.Release|Any CPU.ActiveCfg = Release|Any CPU
		{B21C9244-2534-418C-9C95-38382CC29A8F}.Release|Any CPU.Build.0 = Release|Any CPU
		{F575F41B-99B0-474F-918F-C11852CEF8CE}.Debug|Any CPU.ActiveCfg = Debug|Any CPU
		{F575F41B-99B0-474F-918F-C11852CEF8CE}.Debug|Any CPU.Build.0 = Debug|Any CPU
		{F575F41B-99B0-474F-918F-C11852CEF8CE}.Release|Any CPU.ActiveCfg = Release|Any CPU
		{F575F41B-99B0-474F-918F-C11852CEF8CE}.Release|Any CPU.Build.0 = Release|Any CPU
		{02D739BF-785A-448C-9C31-8F2EE033747A}.Debug|Any CPU.ActiveCfg = Debug|Any CPU
		{02D739BF-785A-448C-9C31-8F2EE033747A}.Debug|Any CPU.Build.0 = Debug|Any CPU
		{02D739BF-785A-448C-9C31-8F2EE033747A}.Release|Any CPU.ActiveCfg = Release|Any CPU
		{02D739BF-785A-448C-9C31-8F2EE033747A}.Release|Any CPU.Build.0 = Release|Any CPU
		{C8EA7A3B-90DD-47B6-909F-F67FE596B7D2}.Debug|Any CPU.ActiveCfg = Debug|Any CPU
		{C8EA7A3B-90DD-47B6-909F-F67FE596B7D2}.Debug|Any CPU.Build.0 = Debug|Any CPU
		{C8EA7A3B-90DD-47B6-909F-F67FE596B7D2}.Release|Any CPU.ActiveCfg = Release|Any CPU
		{C8EA7A3B-90DD-47B6-909F-F67FE596B7D2}.Release|Any CPU.Build.0 = Release|Any CPU
	EndGlobalSection
	GlobalSection(SolutionProperties) = preSolution
		HideSolutionNode = FALSE
	EndGlobalSection
	GlobalSection(NestedProjects) = preSolution
		{2567E8D4-E0AC-495D-9273-C5330DE64172} = {616B4361-387E-4E10-8398-D7B81BA477E0}
		{58100EBE-9C09-4AB2-8C60-E6EE46D64B45} = {2EC6261E-2C2E-42AB-8A1F-7CF7513E180A}
		{99CA6EA6-5C15-4DAE-832C-B9BE54D6E86D} = {616B4361-387E-4E10-8398-D7B81BA477E0}
		{FE72DD3E-808B-4C0E-B2DF-A353CC8FE913} = {58100EBE-9C09-4AB2-8C60-E6EE46D64B45}
		{7D17C253-2278-40FC-A5AE-9829B2126A03} = {7A6F3ABE-6A7E-457B-9DC5-E7C0BB292280}
		{A7578F5C-1B84-4C90-A0A1-4E6B7CC2C3FB} = {7A6F3ABE-6A7E-457B-9DC5-E7C0BB292280}
		{3AD8B242-F596-4A4E-B334-49E68104E7A4} = {616B4361-387E-4E10-8398-D7B81BA477E0}
		{4CB06A79-95BB-47F7-A3AB-E3542AE68B00} = {BB1ED3E2-E4FD-4E34-9CB3-7E034FFBB9DE}
		{06D0BCB2-B69B-46DF-B379-3778EFBE1378} = {C87FF6B1-2EAD-4654-AE1D-3982392EEF60}
		{CDAEAE73-73F3-4A61-A8AB-783982BA7EDA} = {C87FF6B1-2EAD-4654-AE1D-3982392EEF60}
		{A4310879-4A88-40A5-B932-2A92AC9391CB} = {C87FF6B1-2EAD-4654-AE1D-3982392EEF60}
		{ACA1DF73-39F7-4B9A-8EFA-7B1A0DDB5CE7} = {CDAEAE73-73F3-4A61-A8AB-783982BA7EDA}
		{B3409D83-9838-4CBF-9877-031C660908BF} = {7A6F3ABE-6A7E-457B-9DC5-E7C0BB292280}
		{E3DFF2A8-9C9E-4024-BFA9-D85D8F97BABF} = {A4310879-4A88-40A5-B932-2A92AC9391CB}
		{519B6C09-0A81-45DF-B02C-E8C9A890B2E0} = {06D0BCB2-B69B-46DF-B379-3778EFBE1378}
		{5BB0D5E5-76F3-47D0-AD5E-AEE6BDED0685} = {A4310879-4A88-40A5-B932-2A92AC9391CB}
		{354DC376-E7C3-496E-BDF2-2CF5C3E9D359} = {06D0BCB2-B69B-46DF-B379-3778EFBE1378}
		{B21C9244-2534-418C-9C95-38382CC29A8F} = {A4310879-4A88-40A5-B932-2A92AC9391CB}
		{F575F41B-99B0-474F-918F-C11852CEF8CE} = {A4310879-4A88-40A5-B932-2A92AC9391CB}
		{02D739BF-785A-448C-9C31-8F2EE033747A} = {A4310879-4A88-40A5-B932-2A92AC9391CB}
		{C8EA7A3B-90DD-47B6-909F-F67FE596B7D2} = {06D0BCB2-B69B-46DF-B379-3778EFBE1378}
	EndGlobalSection
	GlobalSection(ExtensibilityGlobals) = postSolution
		SolutionGuid = {7F3BA156-7FEC-45B4-B3F6-928645897590}
	EndGlobalSection
EndGlobal
